<?xml version="1.0" encoding="utf-8"?>
<Project ToolsVersion="4.0" xmlns="http://schemas.microsoft.com/developer/msbuild/2003">
  <ItemGroup>
    <Filter Include="Source Files">
      <UniqueIdentifier>{4FC737F1-C7A5-4376-A066-2A32D752A2FF}</UniqueIdentifier>
      <Extensions>cpp;c;cc;cxx;def;odl;idl;hpj;bat;asm;asmx</Extensions>
    </Filter>
    <Filter Include="Header Files">
      <UniqueIdentifier>{93995380-89BD-4b04-88EB-625FBE52EBFB}</UniqueIdentifier>
      <Extensions>h;hh;hpp;hxx;hm;inl;inc;xsd</Extensions>
    </Filter>
    <Filter Include="Resource Files">
      <UniqueIdentifier>{67DA6AB6-F800-4c08-8B7A-83BB121AAD01}</UniqueIdentifier>
      <Extensions>rc;ico;cur;bmp;dlg;rc2;rct;bin;rgs;gif;jpg;jpeg;jpe;resx;tiff;tif;png;wav;mfcribbon-ms</Extensions>
    </Filter>
    <Filter Include="Header Files\Exception">
      <UniqueIdentifier>{4a1920d6-44b4-4c1b-aaea-e5e187bd515e}</UniqueIdentifier>
    </Filter>
    <Filter Include="Source Files\Exception">
      <UniqueIdentifier>{0210ac15-5a63-4e01-bedb-56c7f9f50edf}</UniqueIdentifier>
    </Filter>
    <Filter Include="Header Files\Interface">
      <UniqueIdentifier>{8827969c-d8da-43eb-935b-a9ac3c7587f6}</UniqueIdentifier>
    </Filter>
    <Filter Include="Source Files\Interface">
      <UniqueIdentifier>{9c5ab7c7-040d-48a4-bcd5-9590b8c4b1e5}</UniqueIdentifier>
    </Filter>
    <Filter Include="Source Files\AnimationEffect">
      <UniqueIdentifier>{68ab51cd-a2e2-4dbe-a8f6-229b3b74f375}</UniqueIdentifier>
    </Filter>
    <Filter Include="Header Files\AnimationEffect">
      <UniqueIdentifier>{9cd215a0-507f-4c92-b107-794554667743}</UniqueIdentifier>
    </Filter>
    <Filter Include="Header Files\Math">
      <UniqueIdentifier>{7a86bc85-ed12-4de6-9f91-fb72b1d1d6cc}</UniqueIdentifier>
    </Filter>
    <Filter Include="Source Files\Math">
      <UniqueIdentifier>{ee9aecba-8244-45f4-8df6-65b8afe45fc0}</UniqueIdentifier>
    </Filter>
    <Filter Include="Header Files\Physics">
      <UniqueIdentifier>{03822cf4-ccdb-4fdd-8b2a-8324fc9065cd}</UniqueIdentifier>
    </Filter>
    <Filter Include="Source Files\Physics">
      <UniqueIdentifier>{2d8925c2-a80a-47c4-a4d9-1dd83541efe5}</UniqueIdentifier>
    </Filter>
    <Filter Include="Header Files\Converters">
      <UniqueIdentifier>{a340d0b5-af68-40c3-b577-5b40b8f54dec}</UniqueIdentifier>
    </Filter>
    <Filter Include="Source Files\Converters">
      <UniqueIdentifier>{cd21bb85-5322-43e4-b979-0b17b2ea9254}</UniqueIdentifier>
    </Filter>
    <Filter Include="Header Files\Components">
      <UniqueIdentifier>{ba2d98d7-7745-43c4-8693-0b65c3a454c1}</UniqueIdentifier>
    </Filter>
    <Filter Include="Source Files\Components">
      <UniqueIdentifier>{b9318f69-4b2e-49c1-9fe0-c46e16a7d2f2}</UniqueIdentifier>
    </Filter>
  </ItemGroup>
  <ItemGroup>
    <ClInclude Include="BalestraPrecompiledHeader.h">
      <Filter>Header Files</Filter>
    </ClInclude>
    <ClInclude Include="BalestraConfiguration.h">
      <Filter>Header Files</Filter>
    </ClInclude>
    <ClInclude Include="BalestraConstants.h">
      <Filter>Header Files</Filter>
    </ClInclude>
    <ClInclude Include="BalestraEnvironment.h">
      <Filter>Header Files</Filter>
    </ClInclude>
    <ClInclude Include="BalestraConfigurationVideo.h">
      <Filter>Header Files</Filter>
    </ClInclude>
    <ClInclude Include="BalestraConfigurationInput.h">
      <Filter>Header Files</Filter>
    </ClInclude>
    <ClInclude Include="BalestraDataTypes.h">
      <Filter>Header Files</Filter>
    </ClInclude>
    <ClInclude Include="BalestraEnvironmentVideo.h">
      <Filter>Header Files</Filter>
    </ClInclude>
    <ClInclude Include="BalestraWorld.h">
      <Filter>Header Files</Filter>
    </ClInclude>
    <ClInclude Include="BalestraException.h">
      <Filter>Header Files\Exception</Filter>
    </ClInclude>
    <ClInclude Include="BalestraVideoException.h">
      <Filter>Header Files\Exception</Filter>
    </ClInclude>
    <ClInclude Include="BalestraConfigurationPlatform.h">
      <Filter>Header Files</Filter>
    </ClInclude>
    <ClInclude Include="BalestraUserCommunication.h">
      <Filter>Header Files</Filter>
    </ClInclude>
    <ClInclude Include="BalestraConfigurationGameTime.h">
      <Filter>Header Files</Filter>
    </ClInclude>
    <ClInclude Include="BalestraGameTime.h">
      <Filter>Header Files</Filter>
    </ClInclude>
    <ClInclude Include="BalestraGameTimeException.h">
      <Filter>Header Files\Exception</Filter>
    </ClInclude>
    <ClInclude Include="BalestraRenderGear.h">
      <Filter>Header Files</Filter>
    </ClInclude>
    <ClInclude Include="BalestraMathException.h">
      <Filter>Header Files\Exception</Filter>
    </ClInclude>
    <ClInclude Include="Balestra2DWorldObject.h">
      <Filter>Header Files</Filter>
    </ClInclude>
    <ClInclude Include="Balestra32ARGBColorFloat.h">
      <Filter>Header Files</Filter>
    </ClInclude>
    <ClInclude Include="BalestraColorUtil.h">
      <Filter>Header Files</Filter>
    </ClInclude>
    <ClInclude Include="BalestraConfigurationDebug.h">
      <Filter>Header Files</Filter>
    </ClInclude>
    <ClInclude Include="BalestraEnvironmentInput.h">
      <Filter>Header Files</Filter>
    </ClInclude>
    <ClInclude Include="BalestraInputMouse.h">
      <Filter>Header Files</Filter>
    </ClInclude>
    <ClInclude Include="BalestraInputKeyboard.h">
      <Filter>Header Files</Filter>
    </ClInclude>
    <ClInclude Include="Balestra2DRect.h">
      <Filter>Header Files</Filter>
    </ClInclude>
    <ClInclude Include="Balestra2DSprite.h">
      <Filter>Header Files</Filter>
    </ClInclude>
    <ClInclude Include="BalestraImage.h">
      <Filter>Header Files</Filter>
    </ClInclude>
    <ClInclude Include="BalestraConfigurationDecoder.h">
      <Filter>Header Files</Filter>
    </ClInclude>
    <ClInclude Include="BalestraEnvironmentResource.h">
      <Filter>Header Files</Filter>
    </ClInclude>
    <ClInclude Include="BalestraImageLoader.h">
      <Filter>Header Files</Filter>
    </ClInclude>
    <ClInclude Include="BalestraResourceException.h">
      <Filter>Header Files\Exception</Filter>
    </ClInclude>
    <ClInclude Include="BalestraInputException.h">
      <Filter>Header Files\Exception</Filter>
    </ClInclude>
    <ClInclude Include="BalestraAnimationController.h">
      <Filter>Header Files</Filter>
    </ClInclude>
    <ClInclude Include="BalestraAnimationSequence.h">
      <Filter>Header Files</Filter>
    </ClInclude>
    <ClInclude Include="Balestra2DText.h">
      <Filter>Header Files</Filter>
    </ClInclude>
    <ClInclude Include="IBalestraDevice.h">
      <Filter>Header Files\Interface</Filter>
    </ClInclude>
    <ClInclude Include="BalestraSound.h">
      <Filter>Header Files</Filter>
    </ClInclude>
    <ClInclude Include="BalestraSoundLoader.h">
      <Filter>Header Files</Filter>
    </ClInclude>
    <ClInclude Include="BalestraSoundChannel.h">
      <Filter>Header Files</Filter>
    </ClInclude>
    <ClInclude Include="BalestraEnvironmentSound.h">
      <Filter>Header Files</Filter>
    </ClInclude>
    <ClInclude Include="BalestraConfigurationSound.h">
      <Filter>Header Files</Filter>
    </ClInclude>
    <ClInclude Include="BalestraEngineCore.h" />
    <ClInclude Include="BalestraAnimationException.h">
      <Filter>Header Files\Exception</Filter>
    </ClInclude>
    <ClInclude Include="BalestraSoundException.h">
      <Filter>Header Files\Exception</Filter>
    </ClInclude>
    <ClInclude Include="IBalestraAnimationEffect.h">
      <Filter>Header Files\Interface</Filter>
    </ClInclude>
    <ClInclude Include="BalestraAnimationEffectColor.h">
      <Filter>Header Files\AnimationEffect</Filter>
    </ClInclude>
    <ClInclude Include="Balestra32ARGBColorUint.h">
      <Filter>Header Files</Filter>
    </ClInclude>
    <ClInclude Include="BalestraMath.h">
      <Filter>Header Files\Math</Filter>
    </ClInclude>
    <ClInclude Include="BalestraRect.h">
      <Filter>Header Files\Math</Filter>
    </ClInclude>
    <ClInclude Include="BalestraDoubleVector.h">
      <Filter>Header Files\Math</Filter>
    </ClInclude>
    <ClInclude Include="BalestraAngle.h">
      <Filter>Header Files\Math</Filter>
    </ClInclude>
    <ClInclude Include="Balestra2DPhysics.h">
      <Filter>Header Files\Physics</Filter>
    </ClInclude>
    <ClInclude Include="BalestraTypeConverter.h">
      <Filter>Header Files\Converters</Filter>
    </ClInclude>
    <ClInclude Include="BalestraAnimationEffectDoubleVector.h">
      <Filter>Header Files\AnimationEffect</Filter>
    </ClInclude>
    <ClInclude Include="IBalestraResource.h">
      <Filter>Header Files\Interface</Filter>
    </ClInclude>
    <ClInclude Include="BalestraDebugText.h">
      <Filter>Header Files\Components</Filter>
    </ClInclude>
    <ClInclude Include="BalestraImageButton.h">
      <Filter>Header Files\Components</Filter>
    </ClInclude>
    <ClInclude Include="BalestraCamera.h">
      <Filter>Header Files</Filter>
    </ClInclude>
    <ClInclude Include="BalestraFont.h">
      <Filter>Header Files</Filter>
    </ClInclude>
    <ClInclude Include="BalestraFontLoader.h">
      <Filter>Header Files</Filter>
    </ClInclude>
  </ItemGroup>
  <ItemGroup>
    <ClCompile Include="BalestraConfigurationVideo.cpp">
      <Filter>Source Files</Filter>
    </ClCompile>
    <ClCompile Include="BalestraEnvironment.cpp">
      <Filter>Source Files</Filter>
    </ClCompile>
    <ClCompile Include="BalestraConfiguration.cpp">
      <Filter>Source Files</Filter>
    </ClCompile>
    <ClCompile Include="BalestraWorld.cpp">
      <Filter>Source Files</Filter>
    </ClCompile>
    <ClCompile Include="BalestraException.cpp">
      <Filter>Source Files\Exception</Filter>
    </ClCompile>
    <ClCompile Include="BalestraEnvironmentVideo.cpp">
      <Filter>Source Files</Filter>
    </ClCompile>
    <ClCompile Include="BalestraUserCommunication.cpp">
      <Filter>Source Files</Filter>
    </ClCompile>
    <ClCompile Include="BalestraConfigurationGameTime.cpp">
      <Filter>Source Files</Filter>
    </ClCompile>
    <ClCompile Include="BalestraGameTime.cpp">
      <Filter>Source Files</Filter>
    </ClCompile>
    <ClCompile Include="BalestraRenderGear.cpp">
      <Filter>Source Files</Filter>
    </ClCompile>
    <ClCompile Include="Balestra2DWorldObject.cpp">
      <Filter>Source Files</Filter>
    </ClCompile>
    <ClCompile Include="Balestra32ARGBColorFloat.cpp">
      <Filter>Source Files</Filter>
    </ClCompile>
    <ClCompile Include="BalestraColorUtil.cpp">
      <Filter>Source Files</Filter>
    </ClCompile>
    <ClCompile Include="BalestraConfigurationDebug.cpp">
      <Filter>Source Files</Filter>
    </ClCompile>
    <ClCompile Include="BalestraEnvironmentInput.cpp">
      <Filter>Source Files</Filter>
    </ClCompile>
    <ClCompile Include="BalestraInputMouse.cpp">
      <Filter>Source Files</Filter>
    </ClCompile>
    <ClCompile Include="BalestraConfigurationInput.cpp">
      <Filter>Source Files</Filter>
    </ClCompile>
    <ClCompile Include="BalestraInputKeyboard.cpp">
      <Filter>Source Files</Filter>
    </ClCompile>
    <ClCompile Include="Balestra2DRect.cpp">
      <Filter>Source Files</Filter>
    </ClCompile>
    <ClCompile Include="Balestra2DSprite.cpp">
      <Filter>Source Files</Filter>
    </ClCompile>
    <ClCompile Include="BalestraImage.cpp">
      <Filter>Source Files</Filter>
    </ClCompile>
    <ClCompile Include="BalestraConfigurationDecoder.cpp">
      <Filter>Source Files</Filter>
    </ClCompile>
    <ClCompile Include="BalestraEnvironmentResource.cpp">
      <Filter>Source Files</Filter>
    </ClCompile>
    <ClCompile Include="BalestraImageLoader.cpp">
      <Filter>Source Files</Filter>
    </ClCompile>
    <ClCompile Include="BalestraAnimationController.cpp">
      <Filter>Source Files</Filter>
    </ClCompile>
    <ClCompile Include="BalestraAnimationSequence.cpp">
      <Filter>Source Files</Filter>
    </ClCompile>
    <ClCompile Include="BalestraConfigurationPlatform.cpp">
      <Filter>Source Files</Filter>
    </ClCompile>
    <ClCompile Include="Balestra2DText.cpp">
      <Filter>Source Files</Filter>
    </ClCompile>
    <ClCompile Include="IBalestraDevice.cpp">
      <Filter>Source Files\Interface</Filter>
    </ClCompile>
    <ClCompile Include="BalestraEnvironmentSound.cpp">
      <Filter>Source Files</Filter>
    </ClCompile>
    <ClCompile Include="BalestraSound.cpp">
      <Filter>Source Files</Filter>
    </ClCompile>
    <ClCompile Include="BalestraSoundLoader.cpp">
      <Filter>Source Files</Filter>
    </ClCompile>
    <ClCompile Include="BalestraSoundChannel.cpp">
      <Filter>Source Files</Filter>
    </ClCompile>
    <ClCompile Include="BalestraConfigurationSound.cpp">
      <Filter>Source Files</Filter>
    </ClCompile>
    <ClCompile Include="BalestraAnimationEffectColor.cpp">
      <Filter>Source Files\AnimationEffect</Filter>
    </ClCompile>
    <ClCompile Include="Balestra32ARGBColorUint.cpp">
      <Filter>Source Files</Filter>
    </ClCompile>
    <ClCompile Include="BalestraMath.cpp">
      <Filter>Source Files\Math</Filter>
    </ClCompile>
    <ClCompile Include="BalestraRect.cpp">
      <Filter>Source Files\Math</Filter>
    </ClCompile>
    <ClCompile Include="BalestraDoubleVector.cpp">
      <Filter>Source Files\Math</Filter>
    </ClCompile>
    <ClCompile Include="BalestraAngle.cpp">
      <Filter>Source Files\Math</Filter>
    </ClCompile>
    <ClCompile Include="Balestra2DPhysics.cpp">
      <Filter>Source Files\Physics</Filter>
    </ClCompile>
    <ClCompile Include="BalestraTypeConverter.cpp">
      <Filter>Source Files\Converters</Filter>
    </ClCompile>
    <ClCompile Include="BalestraAnimationEffectDoubleVector.cpp">
      <Filter>Source Files\AnimationEffect</Filter>
    </ClCompile>
    <ClCompile Include="IBalestraAnimationEffect.cpp">
      <Filter>Source Files\Interface</Filter>
    </ClCompile>
    <ClCompile Include="BalestraDebugText.cpp">
      <Filter>Source Files\Components</Filter>
    </ClCompile>
    <ClCompile Include="BalestraImageButton.cpp">
      <Filter>Source Files\Components</Filter>
    </ClCompile>
    <ClCompile Include="BalestraCamera.cpp">
      <Filter>Source Files</Filter>
    </ClCompile>
    <ClCompile Include="BalestraFont.cpp">
      <Filter>Source Files</Filter>
    </ClCompile>
    <ClCompile Include="BalestraFontLoader.cpp">
      <Filter>Source Files</Filter>
    </ClCompile>
  </ItemGroup>
</Project>