<?xml version="1.0" encoding="utf-8"?>
<Project ToolsVersion="4.0" xmlns="http://schemas.microsoft.com/developer/msbuild/2003">
  <ItemGroup>
    <Filter Include="Source Files">
      <UniqueIdentifier>{4FC737F1-C7A5-4376-A066-2A32D752A2FF}</UniqueIdentifier>
      <Extensions>cpp;c;cc;cxx;def;odl;idl;hpj;bat;asm;asmx</Extensions>
    </Filter>
    <Filter Include="Header Files">
      <UniqueIdentifier>{93995380-89BD-4b04-88EB-625FBE52EBFB}</UniqueIdentifier>
      <Extensions>h;hh;hpp;hxx;hm;inl;inc;xsd</Extensions>
    </Filter>
    <Filter Include="Resource Files">
      <UniqueIdentifier>{67DA6AB6-F800-4c08-8B7A-83BB121AAD01}</UniqueIdentifier>
      <Extensions>rc;ico;cur;bmp;dlg;rc2;rct;bin;rgs;gif;jpg;jpeg;jpe;resx;tiff;tif;png;wav;mfcribbon-ms</Extensions>
    </Filter>
    <Filter Include="Header Files\Exception">
      <UniqueIdentifier>{a97dcfd1-9b2b-4478-b495-c8b5a35a0614}</UniqueIdentifier>
    </Filter>
    <Filter Include="Header Files\Interface">
      <UniqueIdentifier>{3c263939-d37c-4c3a-8005-6af47a58b95b}</UniqueIdentifier>
    </Filter>
  </ItemGroup>
  <ItemGroup>
    <ClInclude Include="Win32BalestraEnvironment.h">
      <Filter>Header Files</Filter>
    </ClInclude>
    <ClInclude Include="Win32BalestraPrecompiledHeader.h">
      <Filter>Header Files</Filter>
    </ClInclude>
    <ClInclude Include="Win32BalestraConfiguration.h">
      <Filter>Header Files</Filter>
    </ClInclude>
    <ClInclude Include="Win32BalestraConstants.h">
      <Filter>Header Files</Filter>
    </ClInclude>
    <ClInclude Include="Win32BalestraConfigurationPlatform.h">
      <Filter>Header Files</Filter>
    </ClInclude>
    <ClInclude Include="Win32BalestraUserCommunication.h">
      <Filter>Header Files</Filter>
    </ClInclude>
    <ClInclude Include="Win32BalestraPlatformUtil.h">
      <Filter>Header Files</Filter>
    </ClInclude>
    <ClInclude Include="Win32BalestraPlatformMouse.h">
      <Filter>Header Files</Filter>
    </ClInclude>
    <ClInclude Include="Win32BalestraPlatformInput.h">
      <Filter>Header Files</Filter>
    </ClInclude>
    <ClInclude Include="Win32BalestraConfigurationInput.h">
      <Filter>Header Files</Filter>
    </ClInclude>
    <ClInclude Include="Win32BalestraPlatformKeyboard.h">
      <Filter>Header Files</Filter>
    </ClInclude>
    <ClInclude Include="Win32BalestraPlatformKeyboardKeys.h">
      <Filter>Header Files</Filter>
    </ClInclude>
    <ClInclude Include="Win32BalestraPlatformMouseButtons.h">
      <Filter>Header Files</Filter>
    </ClInclude>
    <ClInclude Include="Win32BalestraWICImageLoader.h">
      <Filter>Header Files</Filter>
    </ClInclude>
    <ClInclude Include="Win32BalestraEnvironmentResource.h">
      <Filter>Header Files</Filter>
    </ClInclude>
    <ClInclude Include="Win32BalestraPlatformException.h">
      <Filter>Header Files\Exception</Filter>
    </ClInclude>
    <ClInclude Include="Win32BalestraD2D1Bitmap.h">
      <Filter>Header Files</Filter>
    </ClInclude>
    <ClInclude Include="Win32BalestraD2D1Environment.h">
      <Filter>Header Files</Filter>
    </ClInclude>
    <ClInclude Include="Win32BalestraD2D1RenderGear.h">
      <Filter>Header Files</Filter>
    </ClInclude>
    <ClInclude Include="Win32BalestraGameTime.h">
      <Filter>Header Files</Filter>
    </ClInclude>
    <ClInclude Include="Win32BalestraXAudio2Environment.h">
      <Filter>Header Files</Filter>
    </ClInclude>
    <ClInclude Include="Win32BalestraXAudio2SoundLoader.h">
      <Filter>Header Files</Filter>
    </ClInclude>
    <ClInclude Include="Win32BalestraXAudio2Wave.h">
      <Filter>Header Files</Filter>
    </ClInclude>
    <ClInclude Include="Win32BalestraXAudio2Channel.h">
      <Filter>Header Files</Filter>
    </ClInclude>
    <ClInclude Include="Win32BalestraXAudio2Utils.h">
      <Filter>Header Files</Filter>
    </ClInclude>
    <ClInclude Include="BalestraWin32.h" />
    <ClInclude Include="IWin32BalestraDevice.h">
      <Filter>Header Files\Interface</Filter>
    </ClInclude>
    <ClInclude Include="Win32BalestraOpenGLEnvironment.h">
      <Filter>Header Files</Filter>
    </ClInclude>
    <ClInclude Include="Win32BalestraOpenGLRenderGear.h">
      <Filter>Header Files</Filter>
    </ClInclude>
    <ClInclude Include="Win32BalestraDevILImageLoader.h">
      <Filter>Header Files</Filter>
    </ClInclude>
    <ClInclude Include="Win32BalestraOpenGLTexture.h">
      <Filter>Header Files</Filter>
    </ClInclude>
    <ClInclude Include="Win32BalestraFreeTypeFontLoader.h">
      <Filter>Header Files</Filter>
    </ClInclude>
    <ClInclude Include="Win32BalestraFreeTypeFont.h">
      <Filter>Header Files</Filter>
    </ClInclude>
  </ItemGroup>
  <ItemGroup>
    <ClCompile Include="Win32BalestraConfiguration.cpp">
      <Filter>Source Files</Filter>
    </ClCompile>
    <ClCompile Include="Win32BalestraEnvironment.cpp">
      <Filter>Source Files</Filter>
    </ClCompile>
    <ClCompile Include="Win32BalestraConfigurationPlatform.cpp">
      <Filter>Source Files</Filter>
    </ClCompile>
    <ClCompile Include="Win32BalestraUserCommunication.cpp">
      <Filter>Source Files</Filter>
    </ClCompile>
    <ClCompile Include="Win32BalestraPlatformMouse.cpp">
      <Filter>Source Files</Filter>
    </ClCompile>
    <ClCompile Include="Win32BalestraPlatformInput.cpp">
      <Filter>Source Files</Filter>
    </ClCompile>
    <ClCompile Include="Win32BalestraConfigurationInput.cpp">
      <Filter>Source Files</Filter>
    </ClCompile>
    <ClCompile Include="Win32BalestraPlatformKeyboard.cpp">
      <Filter>Source Files</Filter>
    </ClCompile>
    <ClCompile Include="Win32BalestraEnvironmentResource.cpp">
      <Filter>Source Files</Filter>
    </ClCompile>
    <ClCompile Include="Win32BalestraWICImageLoader.cpp">
      <Filter>Source Files</Filter>
    </ClCompile>
    <ClCompile Include="Win32BalestraPlatformUtil.cpp">
      <Filter>Source Files</Filter>
    </ClCompile>
    <ClCompile Include="Win32BalestraD2D1Bitmap.cpp">
      <Filter>Source Files</Filter>
    </ClCompile>
    <ClCompile Include="Win32BalestraD2D1Environment.cpp">
      <Filter>Source Files</Filter>
    </ClCompile>
    <ClCompile Include="Win32BalestraD2D1RenderGear.cpp">
      <Filter>Source Files</Filter>
    </ClCompile>
    <ClCompile Include="Win32BalestraGameTime.cpp">
      <Filter>Source Files</Filter>
    </ClCompile>
    <ClCompile Include="Win32BalestraXAudio2Environment.cpp">
      <Filter>Source Files</Filter>
    </ClCompile>
    <ClCompile Include="Win32BalestraXAudio2SoundLoader.cpp">
      <Filter>Source Files</Filter>
    </ClCompile>
    <ClCompile Include="Win32BalestraXAudio2Wave.cpp">
      <Filter>Source Files</Filter>
    </ClCompile>
    <ClCompile Include="Win32BalestraXAudio2Channel.cpp">
      <Filter>Source Files</Filter>
    </ClCompile>
    <ClCompile Include="Win32BalestraXAudio2Utils.cpp">
      <Filter>Source Files</Filter>
    </ClCompile>
    <ClCompile Include="Win32BalestraOpenGLEnvironment.cpp">
      <Filter>Source Files</Filter>
    </ClCompile>
    <ClCompile Include="Win32BalestraOpenGLRenderGear.cpp">
      <Filter>Source Files</Filter>
    </ClCompile>
    <ClCompile Include="Win32BalestraDevILImageLoader.cpp">
      <Filter>Source Files</Filter>
    </ClCompile>
    <ClCompile Include="Win32BalestraOpenGLTexture.cpp">
      <Filter>Source Files</Filter>
    </ClCompile>
    <ClCompile Include="Win32BalestraFreeTypeFontLoader.cpp">
      <Filter>Source Files</Filter>
    </ClCompile>
    <ClCompile Include="Win32BalestraFreeTypeFont.cpp">
      <Filter>Source Files</Filter>
    </ClCompile>
  </ItemGroup>
</Project>